
Microsoft Visual Studio Solution File, Format Version 12.00
# Visual Studio Version 16
VisualStudioVersion = 16.0.32106.194
MinimumVisualStudioVersion = 10.0.40219.1
Project("{FAE04EC0-301F-11D3-BF4B-00C04F79EFBC}") = "GitHub_Test1", "GitHub_Test1\GitHub_Test1.csproj", "{9EF91180-4531-4AA9-9625-664B8F324E20}"
EndProject
Global
	GlobalSection(SolutionConfigurationPlatforms) = preSolution
		Debug|Any CPU = Debug|Any CPU
		Release|Any CPU = Release|Any CPU
	EndGlobalSection
	GlobalSection(ProjectConfigurationPlatforms) = postSolution
		{9EF91180-4531-4AA9-9625-664B8F324E20}.Debug|Any CPU.ActiveCfg = Debug|Any CPU
		{9EF91180-4531-4AA9-9625-664B8F324E20}.Debug|Any CPU.Build.0 = Debug|Any CPU
		{9EF91180-4531-4AA9-9625-664B8F324E20}.Release|Any CPU.ActiveCfg = Release|Any CPU
		{9EF91180-4531-4AA9-9625-664B8F324E20}.Release|Any CPU.Build.0 = Release|Any CPU
	EndGlobalSection
	GlobalSection(SolutionProperties) = preSolution
		HideSolutionNode = FALSE
	EndGlobalSection
	GlobalSection(ExtensibilityGlobals) = postSolution
		SolutionGuid = {15C10697-8A45-4BC9-B5E3-1C35F702140B}
	EndGlobalSection
EndGlobal
